
Microsoft Visual Studio Solution File, Format Version 12.00
# Visual Studio Version 17
VisualStudioVersion = 17.12.35728.132
MinimumVisualStudioVersion = 10.0.40219.1
Project("{FAE04EC0-301F-11D3-BF4B-00C04F79EFBC}") = "Huynhnmt_SE17C04_A02", "Huynhnmt\Huynhnmt_SE17C04_A02.csproj", "{410AD22F-855E-4F75-9CB7-13B85005EC49}"
EndProject
Project("{FAE04EC0-301F-11D3-BF4B-00C04F79EFBC}") = "BusinessLayer", "BusinessLayer\BusinessLayer.csproj", "{ECCA45ED-A310-4478-8E8C-E90CEA7213F7}"
EndProject
Project("{FAE04EC0-301F-11D3-BF4B-00C04F79EFBC}") = "DataLayer", "DataLayer\DataLayer.csproj", "{FB82D0E5-22CD-4A91-B811-2C9368AE5155}"
EndProject
Global
	GlobalSection(SolutionConfigurationPlatforms) = preSolution
		Debug|Any CPU = Debug|Any CPU
		Release|Any CPU = Release|Any CPU
	EndGlobalSection
	GlobalSection(ProjectConfigurationPlatforms) = postSolution
		{410AD22F-855E-4F75-9CB7-13B85005EC49}.Debug|Any CPU.ActiveCfg = Debug|Any CPU
		{410AD22F-855E-4F75-9CB7-13B85005EC49}.Debug|Any CPU.Build.0 = Debug|Any CPU
		{410AD22F-855E-4F75-9CB7-13B85005EC49}.Release|Any CPU.ActiveCfg = Release|Any CPU
		{410AD22F-855E-4F75-9CB7-13B85005EC49}.Release|Any CPU.Build.0 = Release|Any CPU
		{ECCA45ED-A310-4478-8E8C-E90CEA7213F7}.Debug|Any CPU.ActiveCfg = Debug|Any CPU
		{ECCA45ED-A310-4478-8E8C-E90CEA7213F7}.Debug|Any CPU.Build.0 = Debug|Any CPU
		{ECCA45ED-A310-4478-8E8C-E90CEA7213F7}.Release|Any CPU.ActiveCfg = Release|Any CPU
		{ECCA45ED-A310-4478-8E8C-E90CEA7213F7}.Release|Any CPU.Build.0 = Release|Any CPU
		{FB82D0E5-22CD-4A91-B811-2C9368AE5155}.Debug|Any CPU.ActiveCfg = Debug|Any CPU
		{FB82D0E5-22CD-4A91-B811-2C9368AE5155}.Debug|Any CPU.Build.0 = Debug|Any CPU
		{FB82D0E5-22CD-4A91-B811-2C9368AE5155}.Release|Any CPU.ActiveCfg = Release|Any CPU
		{FB82D0E5-22CD-4A91-B811-2C9368AE5155}.Release|Any CPU.Build.0 = Release|Any CPU
	EndGlobalSection
	GlobalSection(SolutionProperties) = preSolution
		HideSolutionNode = FALSE
	EndGlobalSection
EndGlobal
