
Microsoft Visual Studio Solution File, Format Version 12.00
# Visual Studio Version 17
VisualStudioVersion = 17.12.35728.132 d17.12
MinimumVisualStudioVersion = 10.0.40219.1
Project("{FAE04EC0-301F-11D3-BF4B-00C04F79EFBC}") = "HuynhnmtMVC", "HuynhnmtMVC\HuynhnmtMVC.csproj", "{A1565C52-D320-4FC5-85B0-B1974BD13186}"
EndProject
Project("{FAE04EC0-301F-11D3-BF4B-00C04F79EFBC}") = "BusinessLayer", "BusinessLogic\BusinessLayer.csproj", "{CF6A6DC7-72CF-41DC-9144-366E2CC74FCE}"
EndProject
Project("{FAE04EC0-301F-11D3-BF4B-00C04F79EFBC}") = "DataLayer", "DataAccess\DataLayer.csproj", "{64F66E22-8B54-4F73-AA01-D5010D9A6683}"
EndProject
Global
	GlobalSection(SolutionConfigurationPlatforms) = preSolution
		Debug|Any CPU = Debug|Any CPU
		Release|Any CPU = Release|Any CPU
	EndGlobalSection
	GlobalSection(ProjectConfigurationPlatforms) = postSolution
		{A1565C52-D320-4FC5-85B0-B1974BD13186}.Debug|Any CPU.ActiveCfg = Debug|Any CPU
		{A1565C52-D320-4FC5-85B0-B1974BD13186}.Debug|Any CPU.Build.0 = Debug|Any CPU
		{A1565C52-D320-4FC5-85B0-B1974BD13186}.Release|Any CPU.ActiveCfg = Release|Any CPU
		{A1565C52-D320-4FC5-85B0-B1974BD13186}.Release|Any CPU.Build.0 = Release|Any CPU
		{CF6A6DC7-72CF-41DC-9144-366E2CC74FCE}.Debug|Any CPU.ActiveCfg = Debug|Any CPU
		{CF6A6DC7-72CF-41DC-9144-366E2CC74FCE}.Debug|Any CPU.Build.0 = Debug|Any CPU
		{CF6A6DC7-72CF-41DC-9144-366E2CC74FCE}.Release|Any CPU.ActiveCfg = Release|Any CPU
		{CF6A6DC7-72CF-41DC-9144-366E2CC74FCE}.Release|Any CPU.Build.0 = Release|Any CPU
		{64F66E22-8B54-4F73-AA01-D5010D9A6683}.Debug|Any CPU.ActiveCfg = Debug|Any CPU
		{64F66E22-8B54-4F73-AA01-D5010D9A6683}.Debug|Any CPU.Build.0 = Debug|Any CPU
		{64F66E22-8B54-4F73-AA01-D5010D9A6683}.Release|Any CPU.ActiveCfg = Release|Any CPU
		{64F66E22-8B54-4F73-AA01-D5010D9A6683}.Release|Any CPU.Build.0 = Release|Any CPU
	EndGlobalSection
	GlobalSection(SolutionProperties) = preSolution
		HideSolutionNode = FALSE
	EndGlobalSection
EndGlobal
